// !$*UTF8*$!
{
	archiveVersion = 1;
	classes = {
	};
	objectVersion = 56;
	objects = {

/* Begin PBXBuildFile section */
		A63B5F712A12D60D00BB6AB4 /* UserCell.swift in Sources */ = {isa = PBXBuildFile; fileRef = A63B5F702A12D60D00BB6AB4 /* UserCell.swift */; };
		A63B5F752A12E0DD00BB6AB4 /* TableViewController.swift in Sources */ = {isa = PBXBuildFile; fileRef = A63B5F742A12E0DD00BB6AB4 /* TableViewController.swift */; };
		A669D2EF29F5D43300228197 /* AppDelegate.swift in Sources */ = {isa = PBXBuildFile; fileRef = A669D2EE29F5D43300228197 /* AppDelegate.swift */; };
		A669D2F129F5D43300228197 /* SceneDelegate.swift in Sources */ = {isa = PBXBuildFile; fileRef = A669D2F029F5D43300228197 /* SceneDelegate.swift */; };
		A669D2F329F5D43300228197 /* ViewController.swift in Sources */ = {isa = PBXBuildFile; fileRef = A669D2F229F5D43300228197 /* ViewController.swift */; };
		A669D2F629F5D43300228197 /* Main.storyboard in Resources */ = {isa = PBXBuildFile; fileRef = A669D2F429F5D43300228197 /* Main.storyboard */; };
		A669D2F829F5D43500228197 /* Assets.xcassets in Resources */ = {isa = PBXBuildFile; fileRef = A669D2F729F5D43500228197 /* Assets.xcassets */; };
		A669D2FB29F5D43500228197 /* LaunchScreen.storyboard in Resources */ = {isa = PBXBuildFile; fileRef = A669D2F929F5D43500228197 /* LaunchScreen.storyboard */; };
		A669D30629F5D43500228197 /* OTUSUIViewControllerTests.swift in Sources */ = {isa = PBXBuildFile; fileRef = A669D30529F5D43500228197 /* OTUSUIViewControllerTests.swift */; };
		A669D31029F5D43500228197 /* OTUSUIViewControllerUITests.swift in Sources */ = {isa = PBXBuildFile; fileRef = A669D30F29F5D43500228197 /* OTUSUIViewControllerUITests.swift */; };
		A669D31229F5D43500228197 /* OTUSUIViewControllerUITestsLaunchTests.swift in Sources */ = {isa = PBXBuildFile; fileRef = A669D31129F5D43500228197 /* OTUSUIViewControllerUITestsLaunchTests.swift */; };
/* End PBXBuildFile section */

/* Begin PBXContainerItemProxy section */
		A669D30229F5D43500228197 /* PBXContainerItemProxy */ = {
			isa = PBXContainerItemProxy;
			containerPortal = A669D2E329F5D43300228197 /* Project object */;
			proxyType = 1;
			remoteGlobalIDString = A669D2EA29F5D43300228197;
			remoteInfo = OTUSUIViewController;
		};
		A669D30C29F5D43500228197 /* PBXContainerItemProxy */ = {
			isa = PBXContainerItemProxy;
			containerPortal = A669D2E329F5D43300228197 /* Project object */;
			proxyType = 1;
			remoteGlobalIDString = A669D2EA29F5D43300228197;
			remoteInfo = OTUSUIViewController;
		};
/* End PBXContainerItemProxy section */

/* Begin PBXFileReference section */
		A63B5F702A12D60D00BB6AB4 /* UserCell.swift */ = {isa = PBXFileReference; lastKnownFileType = sourcecode.swift; path = UserCell.swift; sourceTree = "<group>"; };
		A63B5F742A12E0DD00BB6AB4 /* TableViewController.swift */ = {isa = PBXFileReference; lastKnownFileType = sourcecode.swift; path = TableViewController.swift; sourceTree = "<group>"; };
		A669D2EB29F5D43300228197 /* OTUSUIViewController.app */ = {isa = PBXFileReference; explicitFileType = wrapper.application; includeInIndex = 0; path = OTUSUIViewController.app; sourceTree = BUILT_PRODUCTS_DIR; };
		A669D2EE29F5D43300228197 /* AppDelegate.swift */ = {isa = PBXFileReference; lastKnownFileType = sourcecode.swift; path = AppDelegate.swift; sourceTree = "<group>"; };
		A669D2F029F5D43300228197 /* SceneDelegate.swift */ = {isa = PBXFileReference; lastKnownFileType = sourcecode.swift; path = SceneDelegate.swift; sourceTree = "<group>"; };
		A669D2F229F5D43300228197 /* ViewController.swift */ = {isa = PBXFileReference; lastKnownFileType = sourcecode.swift; path = ViewController.swift; sourceTree = "<group>"; };
		A669D2F529F5D43300228197 /* Base */ = {isa = PBXFileReference; lastKnownFileType = file.storyboard; name = Base; path = Base.lproj/Main.storyboard; sourceTree = "<group>"; };
		A669D2F729F5D43500228197 /* Assets.xcassets */ = {isa = PBXFileReference; lastKnownFileType = folder.assetcatalog; path = Assets.xcassets; sourceTree = "<group>"; };
		A669D2FA29F5D43500228197 /* Base */ = {isa = PBXFileReference; lastKnownFileType = file.storyboard; name = Base; path = Base.lproj/LaunchScreen.storyboard; sourceTree = "<group>"; };
		A669D30129F5D43500228197 /* OTUSUIViewControllerTests.xctest */ = {isa = PBXFileReference; explicitFileType = wrapper.cfbundle; includeInIndex = 0; path = OTUSUIViewControllerTests.xctest; sourceTree = BUILT_PRODUCTS_DIR; };
		A669D30529F5D43500228197 /* OTUSUIViewControllerTests.swift */ = {isa = PBXFileReference; lastKnownFileType = sourcecode.swift; path = OTUSUIViewControllerTests.swift; sourceTree = "<group>"; };
		A669D30B29F5D43500228197 /* OTUSUIViewControllerUITests.xctest */ = {isa = PBXFileReference; explicitFileType = wrapper.cfbundle; includeInIndex = 0; path = OTUSUIViewControllerUITests.xctest; sourceTree = BUILT_PRODUCTS_DIR; };
		A669D30F29F5D43500228197 /* OTUSUIViewControllerUITests.swift */ = {isa = PBXFileReference; lastKnownFileType = sourcecode.swift; path = OTUSUIViewControllerUITests.swift; sourceTree = "<group>"; };
		A669D31129F5D43500228197 /* OTUSUIViewControllerUITestsLaunchTests.swift */ = {isa = PBXFileReference; lastKnownFileType = sourcecode.swift; path = OTUSUIViewControllerUITestsLaunchTests.swift; sourceTree = "<group>"; };
/* End PBXFileReference section */

/* Begin PBXFrameworksBuildPhase section */
		A669D2E829F5D43300228197 /* Frameworks */ = {
			isa = PBXFrameworksBuildPhase;
			buildActionMask = 2147483647;
			files = (
			);
			runOnlyForDeploymentPostprocessing = 0;
		};
		A669D2FE29F5D43500228197 /* Frameworks */ = {
			isa = PBXFrameworksBuildPhase;
			buildActionMask = 2147483647;
			files = (
			);
			runOnlyForDeploymentPostprocessing = 0;
		};
		A669D30829F5D43500228197 /* Frameworks */ = {
			isa = PBXFrameworksBuildPhase;
			buildActionMask = 2147483647;
			files = (
			);
			runOnlyForDeploymentPostprocessing = 0;
		};
/* End PBXFrameworksBuildPhase section */

/* Begin PBXGroup section */
		A669D2E229F5D43300228197 = {
			isa = PBXGroup;
			children = (
				A669D2ED29F5D43300228197 /* OTUSUIViewController */,
				A669D30429F5D43500228197 /* OTUSUIViewControllerTests */,
				A669D30E29F5D43500228197 /* OTUSUIViewControllerUITests */,
				A669D2EC29F5D43300228197 /* Products */,
			);
			sourceTree = "<group>";
		};
		A669D2EC29F5D43300228197 /* Products */ = {
			isa = PBXGroup;
			children = (
				A669D2EB29F5D43300228197 /* OTUSUIViewController.app */,
				A669D30129F5D43500228197 /* OTUSUIViewControllerTests.xctest */,
				A669D30B29F5D43500228197 /* OTUSUIViewControllerUITests.xctest */,
			);
			name = Products;
			sourceTree = "<group>";
		};
		A669D2ED29F5D43300228197 /* OTUSUIViewController */ = {
			isa = PBXGroup;
			children = (
				A669D2EE29F5D43300228197 /* AppDelegate.swift */,
				A669D2F029F5D43300228197 /* SceneDelegate.swift */,
				A669D2F229F5D43300228197 /* ViewController.swift */,
				A63B5F742A12E0DD00BB6AB4 /* TableViewController.swift */,
				A63B5F702A12D60D00BB6AB4 /* UserCell.swift */,
				A669D2F429F5D43300228197 /* Main.storyboard */,
				A669D2F729F5D43500228197 /* Assets.xcassets */,
				A669D2F929F5D43500228197 /* LaunchScreen.storyboard */,
			);
			path = OTUSUIViewController;
			sourceTree = "<group>";
		};
		A669D30429F5D43500228197 /* OTUSUIViewControllerTests */ = {
			isa = PBXGroup;
			children = (
				A669D30529F5D43500228197 /* OTUSUIViewControllerTests.swift */,
			);
			path = OTUSUIViewControllerTests;
			sourceTree = "<group>";
		};
		A669D30E29F5D43500228197 /* OTUSUIViewControllerUITests */ = {
			isa = PBXGroup;
			children = (
				A669D30F29F5D43500228197 /* OTUSUIViewControllerUITests.swift */,
				A669D31129F5D43500228197 /* OTUSUIViewControllerUITestsLaunchTests.swift */,
			);
			path = OTUSUIViewControllerUITests;
			sourceTree = "<group>";
		};
/* End PBXGroup section */

/* Begin PBXNativeTarget section */
		A669D2EA29F5D43300228197 /* OTUSUIViewController */ = {
			isa = PBXNativeTarget;
			buildConfigurationList = A669D31529F5D43500228197 /* Build configuration list for PBXNativeTarget "OTUSUIViewController" */;
			buildPhases = (
				A669D2E729F5D43300228197 /* Sources */,
				A669D2E829F5D43300228197 /* Frameworks */,
				A669D2E929F5D43300228197 /* Resources */,
			);
			buildRules = (
			);
			dependencies = (
			);
			name = OTUSUIViewController;
			productName = OTUSUIViewController;
			productReference = A669D2EB29F5D43300228197 /* OTUSUIViewController.app */;
			productType = "com.apple.product-type.application";
		};
		A669D30029F5D43500228197 /* OTUSUIViewControllerTests */ = {
			isa = PBXNativeTarget;
			buildConfigurationList = A669D31829F5D43500228197 /* Build configuration list for PBXNativeTarget "OTUSUIViewControllerTests" */;
			buildPhases = (
				A669D2FD29F5D43500228197 /* Sources */,
				A669D2FE29F5D43500228197 /* Frameworks */,
				A669D2FF29F5D43500228197 /* Resources */,
			);
			buildRules = (
			);
			dependencies = (
				A669D30329F5D43500228197 /* PBXTargetDependency */,
			);
			name = OTUSUIViewControllerTests;
			productName = OTUSUIViewControllerTests;
			productReference = A669D30129F5D43500228197 /* OTUSUIViewControllerTests.xctest */;
			productType = "com.apple.product-type.bundle.unit-test";
		};
		A669D30A29F5D43500228197 /* OTUSUIViewControllerUITests */ = {
			isa = PBXNativeTarget;
			buildConfigurationList = A669D31B29F5D43500228197 /* Build configuration list for PBXNativeTarget "OTUSUIViewControllerUITests" */;
			buildPhases = (
				A669D30729F5D43500228197 /* Sources */,
				A669D30829F5D43500228197 /* Frameworks */,
				A669D30929F5D43500228197 /* Resources */,
			);
			buildRules = (
			);
			dependencies = (
				A669D30D29F5D43500228197 /* PBXTargetDependency */,
			);
			name = OTUSUIViewControllerUITests;
			productName = OTUSUIViewControllerUITests;
			productReference = A669D30B29F5D43500228197 /* OTUSUIViewControllerUITests.xctest */;
			productType = "com.apple.product-type.bundle.ui-testing";
		};
/* End PBXNativeTarget section */

/* Begin PBXProject section */
		A669D2E329F5D43300228197 /* Project object */ = {
			isa = PBXProject;
			attributes = {
				BuildIndependentTargetsInParallel = 1;
				LastSwiftUpdateCheck = 1420;
				LastUpgradeCheck = 1420;
				TargetAttributes = {
					A669D2EA29F5D43300228197 = {
						CreatedOnToolsVersion = 14.2;
					};
					A669D30029F5D43500228197 = {
						CreatedOnToolsVersion = 14.2;
						TestTargetID = A669D2EA29F5D43300228197;
					};
					A669D30A29F5D43500228197 = {
						CreatedOnToolsVersion = 14.2;
						TestTargetID = A669D2EA29F5D43300228197;
					};
				};
			};
			buildConfigurationList = A669D2E629F5D43300228197 /* Build configuration list for PBXProject "OTUSUIViewController" */;
			compatibilityVersion = "Xcode 14.0";
			developmentRegion = en;
			hasScannedForEncodings = 0;
			knownRegions = (
				en,
				Base,
			);
			mainGroup = A669D2E229F5D43300228197;
			productRefGroup = A669D2EC29F5D43300228197 /* Products */;
			projectDirPath = "";
			projectRoot = "";
			targets = (
				A669D2EA29F5D43300228197 /* OTUSUIViewController */,
				A669D30029F5D43500228197 /* OTUSUIViewControllerTests */,
				A669D30A29F5D43500228197 /* OTUSUIViewControllerUITests */,
			);
		};
/* End PBXProject section */

/* Begin PBXResourcesBuildPhase section */
		A669D2E929F5D43300228197 /* Resources */ = {
			isa = PBXResourcesBuildPhase;
			buildActionMask = 2147483647;
			files = (
				A669D2FB29F5D43500228197 /* LaunchScreen.storyboard in Resources */,
				A669D2F829F5D43500228197 /* Assets.xcassets in Resources */,
				A669D2F629F5D43300228197 /* Main.storyboard in Resources */,
			);
			runOnlyForDeploymentPostprocessing = 0;
		};
		A669D2FF29F5D43500228197 /* Resources */ = {
			isa = PBXResourcesBuildPhase;
			buildActionMask = 2147483647;
			files = (
			);
			runOnlyForDeploymentPostprocessing = 0;
		};
		A669D30929F5D43500228197 /* Resources */ = {
			isa = PBXResourcesBuildPhase;
			buildActionMask = 2147483647;
			files = (
			);
			runOnlyForDeploymentPostprocessing = 0;
		};
/* End PBXResourcesBuildPhase section */

/* Begin PBXSourcesBuildPhase section */
		A669D2E729F5D43300228197 /* Sources */ = {
			isa = PBXSourcesBuildPhase;
			buildActionMask = 2147483647;
			files = (
				A63B5F712A12D60D00BB6AB4 /* UserCell.swift in Sources */,
				A669D2F329F5D43300228197 /* ViewController.swift in Sources */,
				A669D2EF29F5D43300228197 /* AppDelegate.swift in Sources */,
				A63B5F752A12E0DD00BB6AB4 /* TableViewController.swift in Sources */,
				A669D2F129F5D43300228197 /* SceneDelegate.swift in Sources */,
			);
			runOnlyForDeploymentPostprocessing = 0;
		};
		A669D2FD29F5D43500228197 /* Sources */ = {
			isa = PBXSourcesBuildPhase;
			buildActionMask = 2147483647;
			files = (
				A669D30629F5D43500228197 /* OTUSUIViewControllerTests.swift in Sources */,
			);
			runOnlyForDeploymentPostprocessing = 0;
		};
		A669D30729F5D43500228197 /* Sources */ = {
			isa = PBXSourcesBuildPhase;
			buildActionMask = 2147483647;
			files = (
				A669D31229F5D43500228197 /* OTUSUIViewControllerUITestsLaunchTests.swift in Sources */,
				A669D31029F5D43500228197 /* OTUSUIViewControllerUITests.swift in Sources */,
			);
			runOnlyForDeploymentPostprocessing = 0;
		};
/* End PBXSourcesBuildPhase section */

/* Begin PBXTargetDependency section */
		A669D30329F5D43500228197 /* PBXTargetDependency */ = {
			isa = PBXTargetDependency;
			target = A669D2EA29F5D43300228197 /* OTUSUIViewController */;
			targetProxy = A669D30229F5D43500228197 /* PBXContainerItemProxy */;
		};
		A669D30D29F5D43500228197 /* PBXTargetDependency */ = {
			isa = PBXTargetDependency;
			target = A669D2EA29F5D43300228197 /* OTUSUIViewController */;
			targetProxy = A669D30C29F5D43500228197 /* PBXContainerItemProxy */;
		};
/* End PBXTargetDependency section */

/* Begin PBXVariantGroup section */
		A669D2F429F5D43300228197 /* Main.storyboard */ = {
			isa = PBXVariantGroup;
			children = (
				A669D2F529F5D43300228197 /* Base */,
			);
			name = Main.storyboard;
			sourceTree = "<group>";
		};
		A669D2F929F5D43500228197 /* LaunchScreen.storyboard */ = {
			isa = PBXVariantGroup;
			children = (
				A669D2FA29F5D43500228197 /* Base */,
			);
			name = LaunchScreen.storyboard;
			sourceTree = "<group>";
		};
/* End PBXVariantGroup section */

/* Begin XCBuildConfiguration section */
		A669D31329F5D43500228197 /* Debug */ = {
			isa = XCBuildConfiguration;
			buildSettings = {
				ALWAYS_SEARCH_USER_PATHS = NO;
				CLANG_ANALYZER_NONNULL = YES;
				CLANG_ANALYZER_NUMBER_OBJECT_CONVERSION = YES_AGGRESSIVE;
				CLANG_CXX_LANGUAGE_STANDARD = "gnu++20";
				CLANG_ENABLE_MODULES = YES;
				CLANG_ENABLE_OBJC_ARC = YES;
				CLANG_ENABLE_OBJC_WEAK = YES;
				CLANG_WARN_BLOCK_CAPTURE_AUTORELEASING = YES;
				CLANG_WARN_BOOL_CONVERSION = YES;
				CLANG_WARN_COMMA = YES;
				CLANG_WARN_CONSTANT_CONVERSION = YES;
				CLANG_WARN_DEPRECATED_OBJC_IMPLEMENTATIONS = YES;
				CLANG_WARN_DIRECT_OBJC_ISA_USAGE = YES_ERROR;
				CLANG_WARN_DOCUMENTATION_COMMENTS = YES;
				CLANG_WARN_EMPTY_BODY = YES;
				CLANG_WARN_ENUM_CONVERSION = YES;
				CLANG_WARN_INFINITE_RECURSION = YES;
				CLANG_WARN_INT_CONVERSION = YES;
				CLANG_WARN_NON_LITERAL_NULL_CONVERSION = YES;
				CLANG_WARN_OBJC_IMPLICIT_RETAIN_SELF = YES;
				CLANG_WARN_OBJC_LITERAL_CONVERSION = YES;
				CLANG_WARN_OBJC_ROOT_CLASS = YES_ERROR;
				CLANG_WARN_QUOTED_INCLUDE_IN_FRAMEWORK_HEADER = YES;
				CLANG_WARN_RANGE_LOOP_ANALYSIS = YES;
				CLANG_WARN_STRICT_PROTOTYPES = YES;
				CLANG_WARN_SUSPICIOUS_MOVE = YES;
				CLANG_WARN_UNGUARDED_AVAILABILITY = YES_AGGRESSIVE;
				CLANG_WARN_UNREACHABLE_CODE = YES;
				CLANG_WARN__DUPLICATE_METHOD_MATCH = YES;
				COPY_PHASE_STRIP = NO;
				DEBUG_INFORMATION_FORMAT = dwarf;
				ENABLE_STRICT_OBJC_MSGSEND = YES;
				ENABLE_TESTABILITY = YES;
				GCC_C_LANGUAGE_STANDARD = gnu11;
				GCC_DYNAMIC_NO_PIC = NO;
				GCC_NO_COMMON_BLOCKS = YES;
				GCC_OPTIMIZATION_LEVEL = 0;
				GCC_PREPROCESSOR_DEFINITIONS = (
					"DEBUG=1",
					"$(inherited)",
				);
				GCC_WARN_64_TO_32_BIT_CONVERSION = YES;
				GCC_WARN_ABOUT_RETURN_TYPE = YES_ERROR;
				GCC_WARN_UNDECLARED_SELECTOR = YES;
				GCC_WARN_UNINITIALIZED_AUTOS = YES_AGGRESSIVE;
				GCC_WARN_UNUSED_FUNCTION = YES;
				GCC_WARN_UNUSED_VARIABLE = YES;
				IPHONEOS_DEPLOYMENT_TARGET = 16.2;
				MTL_ENABLE_DEBUG_INFO = INCLUDE_SOURCE;
				MTL_FAST_MATH = YES;
				ONLY_ACTIVE_ARCH = YES;
				SDKROOT = iphoneos;
				SWIFT_ACTIVE_COMPILATION_CONDITIONS = DEBUG;
				SWIFT_OPTIMIZATION_LEVEL = "-Onone";
			};
			name = Debug;
		};
		A669D31429F5D43500228197 /* Release */ = {
			isa = XCBuildConfiguration;
			buildSettings = {
				ALWAYS_SEARCH_USER_PATHS = NO;
				CLANG_ANALYZER_NONNULL = YES;
				CLANG_ANALYZER_NUMBER_OBJECT_CONVERSION = YES_AGGRESSIVE;
				CLANG_CXX_LANGUAGE_STANDARD = "gnu++20";
				CLANG_ENABLE_MODULES = YES;
				CLANG_ENABLE_OBJC_ARC = YES;
				CLANG_ENABLE_OBJC_WEAK = YES;
				CLANG_WARN_BLOCK_CAPTURE_AUTORELEASING = YES;
				CLANG_WARN_BOOL_CONVERSION = YES;
				CLANG_WARN_COMMA = YES;
				CLANG_WARN_CONSTANT_CONVERSION = YES;
				CLANG_WARN_DEPRECATED_OBJC_IMPLEMENTATIONS = YES;
				CLANG_WARN_DIRECT_OBJC_ISA_USAGE = YES_ERROR;
				CLANG_WARN_DOCUMENTATION_COMMENTS = YES;
				CLANG_WARN_EMPTY_BODY = YES;
				CLANG_WARN_ENUM_CONVERSION = YES;
				CLANG_WARN_INFINITE_RECURSION = YES;
				CLANG_WARN_INT_CONVERSION = YES;
				CLANG_WARN_NON_LITERAL_NULL_CONVERSION = YES;
				CLANG_WARN_OBJC_IMPLICIT_RETAIN_SELF = YES;
				CLANG_WARN_OBJC_LITERAL_CONVERSION = YES;
				CLANG_WARN_OBJC_ROOT_CLASS = YES_ERROR;
				CLANG_WARN_QUOTED_INCLUDE_IN_FRAMEWORK_HEADER = YES;
				CLANG_WARN_RANGE_LOOP_ANALYSIS = YES;
				CLANG_WARN_STRICT_PROTOTYPES = YES;
				CLANG_WARN_SUSPICIOUS_MOVE = YES;
				CLANG_WARN_UNGUARDED_AVAILABILITY = YES_AGGRESSIVE;
				CLANG_WARN_UNREACHABLE_CODE = YES;
				CLANG_WARN__DUPLICATE_METHOD_MATCH = YES;
				COPY_PHASE_STRIP = NO;
				DEBUG_INFORMATION_FORMAT = "dwarf-with-dsym";
				ENABLE_NS_ASSERTIONS = NO;
				ENABLE_STRICT_OBJC_MSGSEND = YES;
				GCC_C_LANGUAGE_STANDARD = gnu11;
				GCC_NO_COMMON_BLOCKS = YES;
				GCC_WARN_64_TO_32_BIT_CONVERSION = YES;
				GCC_WARN_ABOUT_RETURN_TYPE = YES_ERROR;
				GCC_WARN_UNDECLARED_SELECTOR = YES;
				GCC_WARN_UNINITIALIZED_AUTOS = YES_AGGRESSIVE;
				GCC_WARN_UNUSED_FUNCTION = YES;
				GCC_WARN_UNUSED_VARIABLE = YES;
				IPHONEOS_DEPLOYMENT_TARGET = 16.2;
				MTL_ENABLE_DEBUG_INFO = NO;
				MTL_FAST_MATH = YES;
				SDKROOT = iphoneos;
				SWIFT_COMPILATION_MODE = wholemodule;
				SWIFT_OPTIMIZATION_LEVEL = "-O";
				VALIDATE_PRODUCT = YES;
			};
			name = Release;
		};
		A669D31629F5D43500228197 /* Debug */ = {
			isa = XCBuildConfiguration;
			buildSettings = {
				ASSETCATALOG_COMPILER_APPICON_NAME = AppIcon;
				ASSETCATALOG_COMPILER_GLOBAL_ACCENT_COLOR_NAME = AccentColor;
				CODE_SIGN_STYLE = Automatic;
				CURRENT_PROJECT_VERSION = 1;
				DEVELOPMENT_TEAM = XAX84T33B6;
				GENERATE_INFOPLIST_FILE = YES;
				INFOPLIST_FILE = OTUSUIViewController/Info.plist;
				INFOPLIST_KEY_UIApplicationSupportsIndirectInputEvents = YES;
				INFOPLIST_KEY_UILaunchStoryboardName = "]";
				INFOPLIST_KEY_UIMainStoryboardFile = Main;
				INFOPLIST_KEY_UISupportedInterfaceOrientations_iPad = "UIInterfaceOrientationPortrait UIInterfaceOrientationPortraitUpsideDown UIInterfaceOrientationLandscapeLeft UIInterfaceOrientationLandscapeRight";
				INFOPLIST_KEY_UISupportedInterfaceOrientations_iPhone = "UIInterfaceOrientationPortrait UIInterfaceOrientationLandscapeLeft UIInterfaceOrientationLandscapeRight";
				LD_RUNPATH_SEARCH_PATHS = (
					"$(inherited)",
					"@executable_path/Frameworks",
				);
				MARKETING_VERSION = 1.0;
				PRODUCT_BUNDLE_IDENTIFIER = dimchich.OTUSUIViewController;
				PRODUCT_NAME = "$(TARGET_NAME)";
				SUPPORTED_PLATFORMS = "iphoneos iphonesimulator";
				SUPPORTS_MACCATALYST = NO;
				SUPPORTS_MAC_DESIGNED_FOR_IPHONE_IPAD = NO;
				SWIFT_EMIT_LOC_STRINGS = YES;
				SWIFT_VERSION = 5.0;
				TARGETED_DEVICE_FAMILY = 1;
			};
			name = Debug;
		};
		A669D31729F5D43500228197 /* Release */ = {
			isa = XCBuildConfiguration;
			buildSettings = {
				ASSETCATALOG_COMPILER_APPICON_NAME = AppIcon;
				ASSETCATALOG_COMPILER_GLOBAL_ACCENT_COLOR_NAME = AccentColor;
				CODE_SIGN_STYLE = Automatic;
				CURRENT_PROJECT_VERSION = 1;
				DEVELOPMENT_TEAM = XAX84T33B6;
				GENERATE_INFOPLIST_FILE = YES;
				INFOPLIST_FILE = OTUSUIViewController/Info.plist;
				INFOPLIST_KEY_UIApplicationSupportsIndirectInputEvents = YES;
				INFOPLIST_KEY_UILaunchStoryboardName = "]";
				INFOPLIST_KEY_UIMainStoryboardFile = Main;
				INFOPLIST_KEY_UISupportedInterfaceOrientations_iPad = "UIInterfaceOrientationPortrait UIInterfaceOrientationPortraitUpsideDown UIInterfaceOrientationLandscapeLeft UIInterfaceOrientationLandscapeRight";
				INFOPLIST_KEY_UISupportedInterfaceOrientations_iPhone = "UIInterfaceOrientationPortrait UIInterfaceOrientationLandscapeLeft UIInterfaceOrientationLandscapeRight";
				LD_RUNPATH_SEARCH_PATHS = (
					"$(inherited)",
					"@executable_path/Frameworks",
				);
				MARKETING_VERSION = 1.0;
				PRODUCT_BUNDLE_IDENTIFIER = dimchich.OTUSUIViewController;
				PRODUCT_NAME = "$(TARGET_NAME)";
				SUPPORTED_PLATFORMS = "iphoneos iphonesimulator";
				SUPPORTS_MACCATALYST = NO;
				SUPPORTS_MAC_DESIGNED_FOR_IPHONE_IPAD = NO;
				SWIFT_EMIT_LOC_STRINGS = YES;
				SWIFT_VERSION = 5.0;
				TARGETED_DEVICE_FAMILY = 1;
			};
			name = Release;
		};
		A669D31929F5D43500228197 /* Debug */ = {
			isa = XCBuildConfiguration;
			buildSettings = {
				ALWAYS_EMBED_SWIFT_STANDARD_LIBRARIES = YES;
				BUNDLE_LOADER = "$(TEST_HOST)";
				CODE_SIGN_STYLE = Automatic;
				CURRENT_PROJECT_VERSION = 1;
				DEVELOPMENT_TEAM = XAX84T33B6;
				GENERATE_INFOPLIST_FILE = YES;
				IPHONEOS_DEPLOYMENT_TARGET = 16.2;
				MARKETING_VERSION = 1.0;
				PRODUCT_BUNDLE_IDENTIFIER = dimchich.OTUSUIViewControllerTests;
				PRODUCT_NAME = "$(TARGET_NAME)";
				SWIFT_EMIT_LOC_STRINGS = NO;
				SWIFT_VERSION = 5.0;
				TARGETED_DEVICE_FAMILY = "1,2";
				TEST_HOST = "$(BUILT_PRODUCTS_DIR)/OTUSUIViewController.app/$(BUNDLE_EXECUTABLE_FOLDER_PATH)/OTUSUIViewController";
			};
			name = Debug;
		};
		A669D31A29F5D43500228197 /* Release */ = {
			isa = XCBuildConfiguration;
			buildSettings = {
				ALWAYS_EMBED_SWIFT_STANDARD_LIBRARIES = YES;
				BUNDLE_LOADER = "$(TEST_HOST)";
				CODE_SIGN_STYLE = Automatic;
				CURRENT_PROJECT_VERSION = 1;
				DEVELOPMENT_TEAM = XAX84T33B6;
				GENERATE_INFOPLIST_FILE = YES;
				IPHONEOS_DEPLOYMENT_TARGET = 16.2;
				MARKETING_VERSION = 1.0;
				PRODUCT_BUNDLE_IDENTIFIER = dimchich.OTUSUIViewControllerTests;
				PRODUCT_NAME = "$(TARGET_NAME)";
				SWIFT_EMIT_LOC_STRINGS = NO;
				SWIFT_VERSION = 5.0;
				TARGETED_DEVICE_FAMILY = "1,2";
				TEST_HOST = "$(BUILT_PRODUCTS_DIR)/OTUSUIViewController.app/$(BUNDLE_EXECUTABLE_FOLDER_PATH)/OTUSUIViewController";
			};
			name = Release;
		};
		A669D31C29F5D43500228197 /* Debug */ = {
			isa = XCBuildConfiguration;
			buildSettings = {
				ALWAYS_EMBED_SWIFT_STANDARD_LIBRARIES = YES;
				CODE_SIGN_STYLE = Automatic;
				CURRENT_PROJECT_VERSION = 1;
				DEVELOPMENT_TEAM = XAX84T33B6;
				GENERATE_INFOPLIST_FILE = YES;
				MARKETING_VERSION = 1.0;
				PRODUCT_BUNDLE_IDENTIFIER = dimchich.OTUSUIViewControllerUITests;
				PRODUCT_NAME = "$(TARGET_NAME)";
				SWIFT_EMIT_LOC_STRINGS = NO;
				SWIFT_VERSION = 5.0;
				TARGETED_DEVICE_FAMILY = "1,2";
				TEST_TARGET_NAME = OTUSUIViewController;
			};
			name = Debug;
		};
		A669D31D29F5D43500228197 /* Release */ = {
			isa = XCBuildConfiguration;
			buildSettings = {
				ALWAYS_EMBED_SWIFT_STANDARD_LIBRARIES = YES;
				CODE_SIGN_STYLE = Automatic;
				CURRENT_PROJECT_VERSION = 1;
				DEVELOPMENT_TEAM = XAX84T33B6;
				GENERATE_INFOPLIST_FILE = YES;
				MARKETING_VERSION = 1.0;
				PRODUCT_BUNDLE_IDENTIFIER = dimchich.OTUSUIViewControllerUITests;
				PRODUCT_NAME = "$(TARGET_NAME)";
				SWIFT_EMIT_LOC_STRINGS = NO;
				SWIFT_VERSION = 5.0;
				TARGETED_DEVICE_FAMILY = "1,2";
				TEST_TARGET_NAME = OTUSUIViewController;
			};
			name = Release;
		};
/* End XCBuildConfiguration section */

/* Begin XCConfigurationList section */
		A669D2E629F5D43300228197 /* Build configuration list for PBXProject "OTUSUIViewController" */ = {
			isa = XCConfigurationList;
			buildConfigurations = (
				A669D31329F5D43500228197 /* Debug */,
				A669D31429F5D43500228197 /* Release */,
			);
			defaultConfigurationIsVisible = 0;
			defaultConfigurationName = Release;
		};
		A669D31529F5D43500228197 /* Build configuration list for PBXNativeTarget "OTUSUIViewController" */ = {
			isa = XCConfigurationList;
			buildConfigurations = (
				A669D31629F5D43500228197 /* Debug */,
				A669D31729F5D43500228197 /* Release */,
			);
			defaultConfigurationIsVisible = 0;
			defaultConfigurationName = Release;
		};
		A669D31829F5D43500228197 /* Build configuration list for PBXNativeTarget "OTUSUIViewControllerTests" */ = {
			isa = XCConfigurationList;
			buildConfigurations = (
				A669D31929F5D43500228197 /* Debug */,
				A669D31A29F5D43500228197 /* Release */,
			);
			defaultConfigurationIsVisible = 0;
			defaultConfigurationName = Release;
		};
		A669D31B29F5D43500228197 /* Build configuration list for PBXNativeTarget "OTUSUIViewControllerUITests" */ = {
			isa = XCConfigurationList;
			buildConfigurations = (
				A669D31C29F5D43500228197 /* Debug */,
				A669D31D29F5D43500228197 /* Release */,
			);
			defaultConfigurationIsVisible = 0;
			defaultConfigurationName = Release;
		};
/* End XCConfigurationList section */
	};
	rootObject = A669D2E329F5D43300228197 /* Project object */;
}
